
Microsoft Visual Studio Solution File, Format Version 12.00
# Visual Studio Version 17
VisualStudioVersion = 17.13.35825.156 d17.13
MinimumVisualStudioVersion = 10.0.40219.1
Project("{FAE04EC0-301F-11D3-BF4B-00C04F79EFBC}") = "RaSed.API", "RaSed.API\RaSed.API.csproj", "{5F64A61C-3B76-4A7B-AC35-5339B6E179C4}"
EndProject
Project("{FAE04EC0-301F-11D3-BF4B-00C04F79EFBC}") = "RaSed.Application", "RaSed.Application\RaSed.Application.csproj", "{77956199-7AF0-4D21-88D8-6F522104777F}"
EndProject
Project("{FAE04EC0-301F-11D3-BF4B-00C04F79EFBC}") = "RaSed.Infrastructure", "RaSed.Infrastructure\RaSed.Infrastructure.csproj", "{FDABE2BB-AE95-4A8B-A31E-903DB33E1C2D}"
EndProject
Project("{FAE04EC0-301F-11D3-BF4B-00C04F79EFBC}") = "RaSed.Domain", "RaSed.Domain\RaSed.Domain.csproj", "{09BF0FC6-BBDC-4077-BBEA-A06F54086E3E}"
EndProject
Global
	GlobalSection(SolutionConfigurationPlatforms) = preSolution
		Debug|Any CPU = Debug|Any CPU
		Release|Any CPU = Release|Any CPU
	EndGlobalSection
	GlobalSection(ProjectConfigurationPlatforms) = postSolution
		{5F64A61C-3B76-4A7B-AC35-5339B6E179C4}.Debug|Any CPU.ActiveCfg = Debug|Any CPU
		{5F64A61C-3B76-4A7B-AC35-5339B6E179C4}.Debug|Any CPU.Build.0 = Debug|Any CPU
		{5F64A61C-3B76-4A7B-AC35-5339B6E179C4}.Release|Any CPU.ActiveCfg = Release|Any CPU
		{5F64A61C-3B76-4A7B-AC35-5339B6E179C4}.Release|Any CPU.Build.0 = Release|Any CPU
		{77956199-7AF0-4D21-88D8-6F522104777F}.Debug|Any CPU.ActiveCfg = Debug|Any CPU
		{77956199-7AF0-4D21-88D8-6F522104777F}.Debug|Any CPU.Build.0 = Debug|Any CPU
		{77956199-7AF0-4D21-88D8-6F522104777F}.Release|Any CPU.ActiveCfg = Release|Any CPU
		{77956199-7AF0-4D21-88D8-6F522104777F}.Release|Any CPU.Build.0 = Release|Any CPU
		{FDABE2BB-AE95-4A8B-A31E-903DB33E1C2D}.Debug|Any CPU.ActiveCfg = Debug|Any CPU
		{FDABE2BB-AE95-4A8B-A31E-903DB33E1C2D}.Debug|Any CPU.Build.0 = Debug|Any CPU
		{FDABE2BB-AE95-4A8B-A31E-903DB33E1C2D}.Release|Any CPU.ActiveCfg = Release|Any CPU
		{FDABE2BB-AE95-4A8B-A31E-903DB33E1C2D}.Release|Any CPU.Build.0 = Release|Any CPU
		{09BF0FC6-BBDC-4077-BBEA-A06F54086E3E}.Debug|Any CPU.ActiveCfg = Debug|Any CPU
		{09BF0FC6-BBDC-4077-BBEA-A06F54086E3E}.Debug|Any CPU.Build.0 = Debug|Any CPU
		{09BF0FC6-BBDC-4077-BBEA-A06F54086E3E}.Release|Any CPU.ActiveCfg = Release|Any CPU
		{09BF0FC6-BBDC-4077-BBEA-A06F54086E3E}.Release|Any CPU.Build.0 = Release|Any CPU
	EndGlobalSection
	GlobalSection(SolutionProperties) = preSolution
		HideSolutionNode = FALSE
	EndGlobalSection
	GlobalSection(ExtensibilityGlobals) = postSolution
		SolutionGuid = {6197B55D-45D0-46D5-B15F-56A3256DB5F0}
	EndGlobalSection
EndGlobal
